// !$*UTF8*$!
{
	archiveVersion = 1;
	classes = {
	};
	objectVersion = 56;
	objects = {

/* Begin PBXBuildFile section */
		1A38FA6329B102EB00E1CD22 /* AppDelegate.swift in Sources */ = {isa = PBXBuildFile; fileRef = 1A38FA6229B102EB00E1CD22 /* AppDelegate.swift */; };
		1A38FA6529B102EB00E1CD22 /* SceneDelegate.swift in Sources */ = {isa = PBXBuildFile; fileRef = 1A38FA6429B102EB00E1CD22 /* SceneDelegate.swift */; };
		1A38FA6C29B102EC00E1CD22 /* Assets.xcassets in Resources */ = {isa = PBXBuildFile; fileRef = 1A38FA6B29B102EC00E1CD22 /* Assets.xcassets */; };
		1A38FA6F29B102EC00E1CD22 /* LaunchScreen.storyboard in Resources */ = {isa = PBXBuildFile; fileRef = 1A38FA6D29B102EC00E1CD22 /* LaunchScreen.storyboard */; };
		1A38FA7A29B102EC00E1CD22 /* AI_Image_DemoTests.swift in Sources */ = {isa = PBXBuildFile; fileRef = 1A38FA7929B102EC00E1CD22 /* AI_Image_DemoTests.swift */; };
		1A38FA8429B102EC00E1CD22 /* AI_Image_DemoUITests.swift in Sources */ = {isa = PBXBuildFile; fileRef = 1A38FA8329B102EC00E1CD22 /* AI_Image_DemoUITests.swift */; };
		1A38FA8629B102EC00E1CD22 /* AI_Image_DemoUITestsLaunchTests.swift in Sources */ = {isa = PBXBuildFile; fileRef = 1A38FA8529B102EC00E1CD22 /* AI_Image_DemoUITestsLaunchTests.swift */; };
		1A38FA9429B1069C00E1CD22 /* MainViewController.swift in Sources */ = {isa = PBXBuildFile; fileRef = 1A38FA9229B1069C00E1CD22 /* MainViewController.swift */; };
		1A38FA9529B1069C00E1CD22 /* MainViewController.xib in Resources */ = {isa = PBXBuildFile; fileRef = 1A38FA9329B1069C00E1CD22 /* MainViewController.xib */; };
		1A38FA9929B109BE00E1CD22 /* MainViewModel.swift in Sources */ = {isa = PBXBuildFile; fileRef = 1A38FA9829B109BE00E1CD22 /* MainViewModel.swift */; };
		1A38FA9C29B10D0300E1CD22 /* APIManagerProtocol.swift in Sources */ = {isa = PBXBuildFile; fileRef = 1A38FA9B29B10D0300E1CD22 /* APIManagerProtocol.swift */; };
		1A38FA9E29B10D4500E1CD22 /* APIManager.swift in Sources */ = {isa = PBXBuildFile; fileRef = 1A38FA9D29B10D4500E1CD22 /* APIManager.swift */; };
		1A38FAA529B1FF2E00E1CD22 /* Model.swift in Sources */ = {isa = PBXBuildFile; fileRef = 1A38FAA429B1FF2E00E1CD22 /* Model.swift */; };
		1A38FAA729B1FF6000E1CD22 /* Permission.swift in Sources */ = {isa = PBXBuildFile; fileRef = 1A38FAA629B1FF6000E1CD22 /* Permission.swift */; };
		1A38FAA929B2013000E1CD22 /* GetModelsResponse.swift in Sources */ = {isa = PBXBuildFile; fileRef = 1A38FAA829B2013000E1CD22 /* GetModelsResponse.swift */; };
/* End PBXBuildFile section */

/* Begin PBXContainerItemProxy section */
		1A38FA7629B102EC00E1CD22 /* PBXContainerItemProxy */ = {
			isa = PBXContainerItemProxy;
			containerPortal = 1A38FA5729B102EB00E1CD22 /* Project object */;
			proxyType = 1;
			remoteGlobalIDString = 1A38FA5E29B102EB00E1CD22;
			remoteInfo = "AI-Image-Demo";
		};
		1A38FA8029B102EC00E1CD22 /* PBXContainerItemProxy */ = {
			isa = PBXContainerItemProxy;
			containerPortal = 1A38FA5729B102EB00E1CD22 /* Project object */;
			proxyType = 1;
			remoteGlobalIDString = 1A38FA5E29B102EB00E1CD22;
			remoteInfo = "AI-Image-Demo";
		};
/* End PBXContainerItemProxy section */

/* Begin PBXFileReference section */
		1A38FA5F29B102EB00E1CD22 /* AI-Image-Demo.app */ = {isa = PBXFileReference; explicitFileType = wrapper.application; includeInIndex = 0; path = "AI-Image-Demo.app"; sourceTree = BUILT_PRODUCTS_DIR; };
		1A38FA6229B102EB00E1CD22 /* AppDelegate.swift */ = {isa = PBXFileReference; lastKnownFileType = sourcecode.swift; path = AppDelegate.swift; sourceTree = "<group>"; };
		1A38FA6429B102EB00E1CD22 /* SceneDelegate.swift */ = {isa = PBXFileReference; lastKnownFileType = sourcecode.swift; path = SceneDelegate.swift; sourceTree = "<group>"; };
		1A38FA6B29B102EC00E1CD22 /* Assets.xcassets */ = {isa = PBXFileReference; lastKnownFileType = folder.assetcatalog; path = Assets.xcassets; sourceTree = "<group>"; };
		1A38FA6E29B102EC00E1CD22 /* Base */ = {isa = PBXFileReference; lastKnownFileType = file.storyboard; name = Base; path = Base.lproj/LaunchScreen.storyboard; sourceTree = "<group>"; };
		1A38FA7029B102EC00E1CD22 /* Info.plist */ = {isa = PBXFileReference; lastKnownFileType = text.plist.xml; path = Info.plist; sourceTree = "<group>"; };
		1A38FA7529B102EC00E1CD22 /* AI-Image-DemoTests.xctest */ = {isa = PBXFileReference; explicitFileType = wrapper.cfbundle; includeInIndex = 0; path = "AI-Image-DemoTests.xctest"; sourceTree = BUILT_PRODUCTS_DIR; };
		1A38FA7929B102EC00E1CD22 /* AI_Image_DemoTests.swift */ = {isa = PBXFileReference; lastKnownFileType = sourcecode.swift; path = AI_Image_DemoTests.swift; sourceTree = "<group>"; };
		1A38FA7F29B102EC00E1CD22 /* AI-Image-DemoUITests.xctest */ = {isa = PBXFileReference; explicitFileType = wrapper.cfbundle; includeInIndex = 0; path = "AI-Image-DemoUITests.xctest"; sourceTree = BUILT_PRODUCTS_DIR; };
		1A38FA8329B102EC00E1CD22 /* AI_Image_DemoUITests.swift */ = {isa = PBXFileReference; lastKnownFileType = sourcecode.swift; path = AI_Image_DemoUITests.swift; sourceTree = "<group>"; };
		1A38FA8529B102EC00E1CD22 /* AI_Image_DemoUITestsLaunchTests.swift */ = {isa = PBXFileReference; lastKnownFileType = sourcecode.swift; path = AI_Image_DemoUITestsLaunchTests.swift; sourceTree = "<group>"; };
		1A38FA9229B1069C00E1CD22 /* MainViewController.swift */ = {isa = PBXFileReference; lastKnownFileType = sourcecode.swift; path = MainViewController.swift; sourceTree = "<group>"; };
		1A38FA9329B1069C00E1CD22 /* MainViewController.xib */ = {isa = PBXFileReference; lastKnownFileType = file.xib; path = MainViewController.xib; sourceTree = "<group>"; };
		1A38FA9829B109BE00E1CD22 /* MainViewModel.swift */ = {isa = PBXFileReference; lastKnownFileType = sourcecode.swift; path = MainViewModel.swift; sourceTree = "<group>"; };
		1A38FA9B29B10D0300E1CD22 /* APIManagerProtocol.swift */ = {isa = PBXFileReference; lastKnownFileType = sourcecode.swift; path = APIManagerProtocol.swift; sourceTree = "<group>"; };
		1A38FA9D29B10D4500E1CD22 /* APIManager.swift */ = {isa = PBXFileReference; lastKnownFileType = sourcecode.swift; path = APIManager.swift; sourceTree = "<group>"; };
		1A38FAA429B1FF2E00E1CD22 /* Model.swift */ = {isa = PBXFileReference; lastKnownFileType = sourcecode.swift; path = Model.swift; sourceTree = "<group>"; };
		1A38FAA629B1FF6000E1CD22 /* Permission.swift */ = {isa = PBXFileReference; lastKnownFileType = sourcecode.swift; path = Permission.swift; sourceTree = "<group>"; };
		1A38FAA829B2013000E1CD22 /* GetModelsResponse.swift */ = {isa = PBXFileReference; lastKnownFileType = sourcecode.swift; path = GetModelsResponse.swift; sourceTree = "<group>"; };
/* End PBXFileReference section */

/* Begin PBXFrameworksBuildPhase section */
		1A38FA5C29B102EB00E1CD22 /* Frameworks */ = {
			isa = PBXFrameworksBuildPhase;
			buildActionMask = 2147483647;
			files = (
			);
			runOnlyForDeploymentPostprocessing = 0;
		};
		1A38FA7229B102EC00E1CD22 /* Frameworks */ = {
			isa = PBXFrameworksBuildPhase;
			buildActionMask = 2147483647;
			files = (
			);
			runOnlyForDeploymentPostprocessing = 0;
		};
		1A38FA7C29B102EC00E1CD22 /* Frameworks */ = {
			isa = PBXFrameworksBuildPhase;
			buildActionMask = 2147483647;
			files = (
			);
			runOnlyForDeploymentPostprocessing = 0;
		};
/* End PBXFrameworksBuildPhase section */

/* Begin PBXGroup section */
		1A38FA5629B102EB00E1CD22 = {
			isa = PBXGroup;
			children = (
				1A38FA6129B102EB00E1CD22 /* AI-Image-Demo */,
				1A38FA7829B102EC00E1CD22 /* AI-Image-DemoTests */,
				1A38FA8229B102EC00E1CD22 /* AI-Image-DemoUITests */,
				1A38FA6029B102EB00E1CD22 /* Products */,
			);
			sourceTree = "<group>";
		};
		1A38FA6029B102EB00E1CD22 /* Products */ = {
			isa = PBXGroup;
			children = (
				1A38FA5F29B102EB00E1CD22 /* AI-Image-Demo.app */,
				1A38FA7529B102EC00E1CD22 /* AI-Image-DemoTests.xctest */,
				1A38FA7F29B102EC00E1CD22 /* AI-Image-DemoUITests.xctest */,
			);
			name = Products;
			sourceTree = "<group>";
		};
		1A38FA6129B102EB00E1CD22 /* AI-Image-Demo */ = {
			isa = PBXGroup;
			children = (
				1A38FAA129B16A5C00E1CD22 /* Model */,
				1A38FA6229B102EB00E1CD22 /* AppDelegate.swift */,
				1A38FA6429B102EB00E1CD22 /* SceneDelegate.swift */,
				1A38FA6B29B102EC00E1CD22 /* Assets.xcassets */,
				1A38FA6D29B102EC00E1CD22 /* LaunchScreen.storyboard */,
				1A38FA7029B102EC00E1CD22 /* Info.plist */,
				1A38FA9A29B10CF300E1CD22 /* API */,
				1A38FA9729B1078800E1CD22 /* Main */,
			);
			path = "AI-Image-Demo";
			sourceTree = "<group>";
		};
		1A38FA7829B102EC00E1CD22 /* AI-Image-DemoTests */ = {
			isa = PBXGroup;
			children = (
				1A38FA7929B102EC00E1CD22 /* AI_Image_DemoTests.swift */,
			);
			path = "AI-Image-DemoTests";
			sourceTree = "<group>";
		};
		1A38FA8229B102EC00E1CD22 /* AI-Image-DemoUITests */ = {
			isa = PBXGroup;
			children = (
				1A38FA8329B102EC00E1CD22 /* AI_Image_DemoUITests.swift */,
				1A38FA8529B102EC00E1CD22 /* AI_Image_DemoUITestsLaunchTests.swift */,
			);
			path = "AI-Image-DemoUITests";
			sourceTree = "<group>";
		};
		1A38FA9729B1078800E1CD22 /* Main */ = {
			isa = PBXGroup;
			children = (
				1A38FA9229B1069C00E1CD22 /* MainViewController.swift */,
				1A38FA9329B1069C00E1CD22 /* MainViewController.xib */,
				1A38FA9829B109BE00E1CD22 /* MainViewModel.swift */,
			);
			path = Main;
			sourceTree = "<group>";
		};
		1A38FA9A29B10CF300E1CD22 /* API */ = {
			isa = PBXGroup;
			children = (
				1A38FA9B29B10D0300E1CD22 /* APIManagerProtocol.swift */,
				1A38FA9D29B10D4500E1CD22 /* APIManager.swift */,
			);
			path = API;
			sourceTree = "<group>";
		};
		1A38FAA129B16A5C00E1CD22 /* Model */ = {
			isa = PBXGroup;
			children = (
				1A38FAA829B2013000E1CD22 /* GetModelsResponse.swift */,
				1A38FAA429B1FF2E00E1CD22 /* Model.swift */,
				1A38FAA629B1FF6000E1CD22 /* Permission.swift */,
			);
			path = Model;
			sourceTree = "<group>";
		};
/* End PBXGroup section */

/* Begin PBXNativeTarget section */
		1A38FA5E29B102EB00E1CD22 /* AI-Image-Demo */ = {
			isa = PBXNativeTarget;
			buildConfigurationList = 1A38FA8929B102EC00E1CD22 /* Build configuration list for PBXNativeTarget "AI-Image-Demo" */;
			buildPhases = (
				1A38FA5B29B102EB00E1CD22 /* Sources */,
				1A38FA5C29B102EB00E1CD22 /* Frameworks */,
				1A38FA5D29B102EB00E1CD22 /* Resources */,
			);
			buildRules = (
			);
			dependencies = (
			);
			name = "AI-Image-Demo";
			productName = "AI-Image-Demo";
			productReference = 1A38FA5F29B102EB00E1CD22 /* AI-Image-Demo.app */;
			productType = "com.apple.product-type.application";
		};
		1A38FA7429B102EC00E1CD22 /* AI-Image-DemoTests */ = {
			isa = PBXNativeTarget;
			buildConfigurationList = 1A38FA8C29B102EC00E1CD22 /* Build configuration list for PBXNativeTarget "AI-Image-DemoTests" */;
			buildPhases = (
				1A38FA7129B102EC00E1CD22 /* Sources */,
				1A38FA7229B102EC00E1CD22 /* Frameworks */,
				1A38FA7329B102EC00E1CD22 /* Resources */,
			);
			buildRules = (
			);
			dependencies = (
				1A38FA7729B102EC00E1CD22 /* PBXTargetDependency */,
			);
			name = "AI-Image-DemoTests";
			productName = "AI-Image-DemoTests";
			productReference = 1A38FA7529B102EC00E1CD22 /* AI-Image-DemoTests.xctest */;
			productType = "com.apple.product-type.bundle.unit-test";
		};
		1A38FA7E29B102EC00E1CD22 /* AI-Image-DemoUITests */ = {
			isa = PBXNativeTarget;
			buildConfigurationList = 1A38FA8F29B102EC00E1CD22 /* Build configuration list for PBXNativeTarget "AI-Image-DemoUITests" */;
			buildPhases = (
				1A38FA7B29B102EC00E1CD22 /* Sources */,
				1A38FA7C29B102EC00E1CD22 /* Frameworks */,
				1A38FA7D29B102EC00E1CD22 /* Resources */,
			);
			buildRules = (
			);
			dependencies = (
				1A38FA8129B102EC00E1CD22 /* PBXTargetDependency */,
			);
			name = "AI-Image-DemoUITests";
			productName = "AI-Image-DemoUITests";
			productReference = 1A38FA7F29B102EC00E1CD22 /* AI-Image-DemoUITests.xctest */;
			productType = "com.apple.product-type.bundle.ui-testing";
		};
/* End PBXNativeTarget section */

/* Begin PBXProject section */
		1A38FA5729B102EB00E1CD22 /* Project object */ = {
			isa = PBXProject;
			attributes = {
				BuildIndependentTargetsInParallel = 1;
				LastSwiftUpdateCheck = 1420;
				LastUpgradeCheck = 1420;
				TargetAttributes = {
					1A38FA5E29B102EB00E1CD22 = {
						CreatedOnToolsVersion = 14.2;
					};
					1A38FA7429B102EC00E1CD22 = {
						CreatedOnToolsVersion = 14.2;
						TestTargetID = 1A38FA5E29B102EB00E1CD22;
					};
					1A38FA7E29B102EC00E1CD22 = {
						CreatedOnToolsVersion = 14.2;
						TestTargetID = 1A38FA5E29B102EB00E1CD22;
					};
				};
			};
			buildConfigurationList = 1A38FA5A29B102EB00E1CD22 /* Build configuration list for PBXProject "AI-Image-Demo" */;
			compatibilityVersion = "Xcode 14.0";
			developmentRegion = en;
			hasScannedForEncodings = 0;
			knownRegions = (
				en,
				Base,
			);
			mainGroup = 1A38FA5629B102EB00E1CD22;
			productRefGroup = 1A38FA6029B102EB00E1CD22 /* Products */;
			projectDirPath = "";
			projectRoot = "";
			targets = (
				1A38FA5E29B102EB00E1CD22 /* AI-Image-Demo */,
				1A38FA7429B102EC00E1CD22 /* AI-Image-DemoTests */,
				1A38FA7E29B102EC00E1CD22 /* AI-Image-DemoUITests */,
			);
		};
/* End PBXProject section */

/* Begin PBXResourcesBuildPhase section */
		1A38FA5D29B102EB00E1CD22 /* Resources */ = {
			isa = PBXResourcesBuildPhase;
			buildActionMask = 2147483647;
			files = (
				1A38FA6F29B102EC00E1CD22 /* LaunchScreen.storyboard in Resources */,
				1A38FA9529B1069C00E1CD22 /* MainViewController.xib in Resources */,
				1A38FA6C29B102EC00E1CD22 /* Assets.xcassets in Resources */,
			);
			runOnlyForDeploymentPostprocessing = 0;
		};
		1A38FA7329B102EC00E1CD22 /* Resources */ = {
			isa = PBXResourcesBuildPhase;
			buildActionMask = 2147483647;
			files = (
			);
			runOnlyForDeploymentPostprocessing = 0;
		};
		1A38FA7D29B102EC00E1CD22 /* Resources */ = {
			isa = PBXResourcesBuildPhase;
			buildActionMask = 2147483647;
			files = (
			);
			runOnlyForDeploymentPostprocessing = 0;
		};
/* End PBXResourcesBuildPhase section */

/* Begin PBXSourcesBuildPhase section */
		1A38FA5B29B102EB00E1CD22 /* Sources */ = {
			isa = PBXSourcesBuildPhase;
			buildActionMask = 2147483647;
			files = (
				1A38FA9E29B10D4500E1CD22 /* APIManager.swift in Sources */,
				1A38FA9429B1069C00E1CD22 /* MainViewController.swift in Sources */,
				1A38FA6329B102EB00E1CD22 /* AppDelegate.swift in Sources */,
				1A38FA6529B102EB00E1CD22 /* SceneDelegate.swift in Sources */,
				1A38FAA729B1FF6000E1CD22 /* Permission.swift in Sources */,
				1A38FA9929B109BE00E1CD22 /* MainViewModel.swift in Sources */,
				1A38FAA929B2013000E1CD22 /* GetModelsResponse.swift in Sources */,
				1A38FA9C29B10D0300E1CD22 /* APIManagerProtocol.swift in Sources */,
				1A38FAA529B1FF2E00E1CD22 /* Model.swift in Sources */,
			);
			runOnlyForDeploymentPostprocessing = 0;
		};
		1A38FA7129B102EC00E1CD22 /* Sources */ = {
			isa = PBXSourcesBuildPhase;
			buildActionMask = 2147483647;
			files = (
				1A38FA7A29B102EC00E1CD22 /* AI_Image_DemoTests.swift in Sources */,
			);
			runOnlyForDeploymentPostprocessing = 0;
		};
		1A38FA7B29B102EC00E1CD22 /* Sources */ = {
			isa = PBXSourcesBuildPhase;
			buildActionMask = 2147483647;
			files = (
				1A38FA8429B102EC00E1CD22 /* AI_Image_DemoUITests.swift in Sources */,
				1A38FA8629B102EC00E1CD22 /* AI_Image_DemoUITestsLaunchTests.swift in Sources */,
			);
			runOnlyForDeploymentPostprocessing = 0;
		};
/* End PBXSourcesBuildPhase section */

/* Begin PBXTargetDependency section */
		1A38FA7729B102EC00E1CD22 /* PBXTargetDependency */ = {
			isa = PBXTargetDependency;
			target = 1A38FA5E29B102EB00E1CD22 /* AI-Image-Demo */;
			targetProxy = 1A38FA7629B102EC00E1CD22 /* PBXContainerItemProxy */;
		};
		1A38FA8129B102EC00E1CD22 /* PBXTargetDependency */ = {
			isa = PBXTargetDependency;
			target = 1A38FA5E29B102EB00E1CD22 /* AI-Image-Demo */;
			targetProxy = 1A38FA8029B102EC00E1CD22 /* PBXContainerItemProxy */;
		};
/* End PBXTargetDependency section */

/* Begin PBXVariantGroup section */
		1A38FA6D29B102EC00E1CD22 /* LaunchScreen.storyboard */ = {
			isa = PBXVariantGroup;
			children = (
				1A38FA6E29B102EC00E1CD22 /* Base */,
			);
			name = LaunchScreen.storyboard;
			sourceTree = "<group>";
		};
/* End PBXVariantGroup section */

/* Begin XCBuildConfiguration section */
		1A38FA8729B102EC00E1CD22 /* Debug */ = {
			isa = XCBuildConfiguration;
			buildSettings = {
				ALWAYS_SEARCH_USER_PATHS = NO;
				CLANG_ANALYZER_NONNULL = YES;
				CLANG_ANALYZER_NUMBER_OBJECT_CONVERSION = YES_AGGRESSIVE;
				CLANG_CXX_LANGUAGE_STANDARD = "gnu++20";
				CLANG_ENABLE_MODULES = YES;
				CLANG_ENABLE_OBJC_ARC = YES;
				CLANG_ENABLE_OBJC_WEAK = YES;
				CLANG_WARN_BLOCK_CAPTURE_AUTORELEASING = YES;
				CLANG_WARN_BOOL_CONVERSION = YES;
				CLANG_WARN_COMMA = YES;
				CLANG_WARN_CONSTANT_CONVERSION = YES;
				CLANG_WARN_DEPRECATED_OBJC_IMPLEMENTATIONS = YES;
				CLANG_WARN_DIRECT_OBJC_ISA_USAGE = YES_ERROR;
				CLANG_WARN_DOCUMENTATION_COMMENTS = YES;
				CLANG_WARN_EMPTY_BODY = YES;
				CLANG_WARN_ENUM_CONVERSION = YES;
				CLANG_WARN_INFINITE_RECURSION = YES;
				CLANG_WARN_INT_CONVERSION = YES;
				CLANG_WARN_NON_LITERAL_NULL_CONVERSION = YES;
				CLANG_WARN_OBJC_IMPLICIT_RETAIN_SELF = YES;
				CLANG_WARN_OBJC_LITERAL_CONVERSION = YES;
				CLANG_WARN_OBJC_ROOT_CLASS = YES_ERROR;
				CLANG_WARN_QUOTED_INCLUDE_IN_FRAMEWORK_HEADER = YES;
				CLANG_WARN_RANGE_LOOP_ANALYSIS = YES;
				CLANG_WARN_STRICT_PROTOTYPES = YES;
				CLANG_WARN_SUSPICIOUS_MOVE = YES;
				CLANG_WARN_UNGUARDED_AVAILABILITY = YES_AGGRESSIVE;
				CLANG_WARN_UNREACHABLE_CODE = YES;
				CLANG_WARN__DUPLICATE_METHOD_MATCH = YES;
				COPY_PHASE_STRIP = NO;
				DEBUG_INFORMATION_FORMAT = dwarf;
				ENABLE_STRICT_OBJC_MSGSEND = YES;
				ENABLE_TESTABILITY = YES;
				GCC_C_LANGUAGE_STANDARD = gnu11;
				GCC_DYNAMIC_NO_PIC = NO;
				GCC_NO_COMMON_BLOCKS = YES;
				GCC_OPTIMIZATION_LEVEL = 0;
				GCC_PREPROCESSOR_DEFINITIONS = (
					"DEBUG=1",
					"$(inherited)",
				);
				GCC_WARN_64_TO_32_BIT_CONVERSION = YES;
				GCC_WARN_ABOUT_RETURN_TYPE = YES_ERROR;
				GCC_WARN_UNDECLARED_SELECTOR = YES;
				GCC_WARN_UNINITIALIZED_AUTOS = YES_AGGRESSIVE;
				GCC_WARN_UNUSED_FUNCTION = YES;
				GCC_WARN_UNUSED_VARIABLE = YES;
				IPHONEOS_DEPLOYMENT_TARGET = 16.2;
				MTL_ENABLE_DEBUG_INFO = INCLUDE_SOURCE;
				MTL_FAST_MATH = YES;
				ONLY_ACTIVE_ARCH = YES;
				SDKROOT = iphoneos;
				SWIFT_ACTIVE_COMPILATION_CONDITIONS = DEBUG;
				SWIFT_OPTIMIZATION_LEVEL = "-Onone";
			};
			name = Debug;
		};
		1A38FA8829B102EC00E1CD22 /* Release */ = {
			isa = XCBuildConfiguration;
			buildSettings = {
				ALWAYS_SEARCH_USER_PATHS = NO;
				CLANG_ANALYZER_NONNULL = YES;
				CLANG_ANALYZER_NUMBER_OBJECT_CONVERSION = YES_AGGRESSIVE;
				CLANG_CXX_LANGUAGE_STANDARD = "gnu++20";
				CLANG_ENABLE_MODULES = YES;
				CLANG_ENABLE_OBJC_ARC = YES;
				CLANG_ENABLE_OBJC_WEAK = YES;
				CLANG_WARN_BLOCK_CAPTURE_AUTORELEASING = YES;
				CLANG_WARN_BOOL_CONVERSION = YES;
				CLANG_WARN_COMMA = YES;
				CLANG_WARN_CONSTANT_CONVERSION = YES;
				CLANG_WARN_DEPRECATED_OBJC_IMPLEMENTATIONS = YES;
				CLANG_WARN_DIRECT_OBJC_ISA_USAGE = YES_ERROR;
				CLANG_WARN_DOCUMENTATION_COMMENTS = YES;
				CLANG_WARN_EMPTY_BODY = YES;
				CLANG_WARN_ENUM_CONVERSION = YES;
				CLANG_WARN_INFINITE_RECURSION = YES;
				CLANG_WARN_INT_CONVERSION = YES;
				CLANG_WARN_NON_LITERAL_NULL_CONVERSION = YES;
				CLANG_WARN_OBJC_IMPLICIT_RETAIN_SELF = YES;
				CLANG_WARN_OBJC_LITERAL_CONVERSION = YES;
				CLANG_WARN_OBJC_ROOT_CLASS = YES_ERROR;
				CLANG_WARN_QUOTED_INCLUDE_IN_FRAMEWORK_HEADER = YES;
				CLANG_WARN_RANGE_LOOP_ANALYSIS = YES;
				CLANG_WARN_STRICT_PROTOTYPES = YES;
				CLANG_WARN_SUSPICIOUS_MOVE = YES;
				CLANG_WARN_UNGUARDED_AVAILABILITY = YES_AGGRESSIVE;
				CLANG_WARN_UNREACHABLE_CODE = YES;
				CLANG_WARN__DUPLICATE_METHOD_MATCH = YES;
				COPY_PHASE_STRIP = NO;
				DEBUG_INFORMATION_FORMAT = "dwarf-with-dsym";
				ENABLE_NS_ASSERTIONS = NO;
				ENABLE_STRICT_OBJC_MSGSEND = YES;
				GCC_C_LANGUAGE_STANDARD = gnu11;
				GCC_NO_COMMON_BLOCKS = YES;
				GCC_WARN_64_TO_32_BIT_CONVERSION = YES;
				GCC_WARN_ABOUT_RETURN_TYPE = YES_ERROR;
				GCC_WARN_UNDECLARED_SELECTOR = YES;
				GCC_WARN_UNINITIALIZED_AUTOS = YES_AGGRESSIVE;
				GCC_WARN_UNUSED_FUNCTION = YES;
				GCC_WARN_UNUSED_VARIABLE = YES;
				IPHONEOS_DEPLOYMENT_TARGET = 16.2;
				MTL_ENABLE_DEBUG_INFO = NO;
				MTL_FAST_MATH = YES;
				SDKROOT = iphoneos;
				SWIFT_COMPILATION_MODE = wholemodule;
				SWIFT_OPTIMIZATION_LEVEL = "-O";
				VALIDATE_PRODUCT = YES;
			};
			name = Release;
		};
		1A38FA8A29B102EC00E1CD22 /* Debug */ = {
			isa = XCBuildConfiguration;
			buildSettings = {
				ASSETCATALOG_COMPILER_APPICON_NAME = AppIcon;
				ASSETCATALOG_COMPILER_GLOBAL_ACCENT_COLOR_NAME = AccentColor;
				CODE_SIGN_STYLE = Automatic;
				CURRENT_PROJECT_VERSION = 1;
				DEVELOPMENT_TEAM = V9WUS7ZBGW;
				GENERATE_INFOPLIST_FILE = YES;
				INFOPLIST_FILE = "AI-Image-Demo/Info.plist";
				INFOPLIST_KEY_UIApplicationSupportsIndirectInputEvents = YES;
				INFOPLIST_KEY_UILaunchStoryboardName = LaunchScreen;
				INFOPLIST_KEY_UISupportedInterfaceOrientations = UIInterfaceOrientationPortrait;
				IPHONEOS_DEPLOYMENT_TARGET = 15.0;
				LD_RUNPATH_SEARCH_PATHS = (
					"$(inherited)",
					"@executable_path/Frameworks",
				);
				MARKETING_VERSION = 1.0;
				PRODUCT_BUNDLE_IDENTIFIER = "eus.aitorzubizarreta.AI-Image-Demo";
				PRODUCT_NAME = "$(TARGET_NAME)";
				SWIFT_EMIT_LOC_STRINGS = YES;
				SWIFT_VERSION = 5.0;
				TARGETED_DEVICE_FAMILY = "1,2";
			};
			name = Debug;
		};
		1A38FA8B29B102EC00E1CD22 /* Release */ = {
			isa = XCBuildConfiguration;
			buildSettings = {
				ASSETCATALOG_COMPILER_APPICON_NAME = AppIcon;
				ASSETCATALOG_COMPILER_GLOBAL_ACCENT_COLOR_NAME = AccentColor;
				CODE_SIGN_STYLE = Automatic;
				CURRENT_PROJECT_VERSION = 1;
				DEVELOPMENT_TEAM = V9WUS7ZBGW;
				GENERATE_INFOPLIST_FILE = YES;
				INFOPLIST_FILE = "AI-Image-Demo/Info.plist";
				INFOPLIST_KEY_UIApplicationSupportsIndirectInputEvents = YES;
				INFOPLIST_KEY_UILaunchStoryboardName = LaunchScreen;
				INFOPLIST_KEY_UIMainStoryboardFile = "";
				INFOPLIST_KEY_UISupportedInterfaceOrientations = UIInterfaceOrientationPortrait;
				IPHONEOS_DEPLOYMENT_TARGET = 15.0;
				LD_RUNPATH_SEARCH_PATHS = (
					"$(inherited)",
					"@executable_path/Frameworks",
				);
				MARKETING_VERSION = 1.0;
				PRODUCT_BUNDLE_IDENTIFIER = "eus.aitorzubizarreta.AI-Image-Demo";
				PRODUCT_NAME = "$(TARGET_NAME)";
				SWIFT_EMIT_LOC_STRINGS = YES;
				SWIFT_VERSION = 5.0;
				TARGETED_DEVICE_FAMILY = "1,2";
			};
			name = Release;
		};
		1A38FA8D29B102EC00E1CD22 /* Debug */ = {
			isa = XCBuildConfiguration;
			buildSettings = {
				ALWAYS_EMBED_SWIFT_STANDARD_LIBRARIES = YES;
				BUNDLE_LOADER = "$(TEST_HOST)";
				CODE_SIGN_STYLE = Automatic;
				CURRENT_PROJECT_VERSION = 1;
				DEVELOPMENT_TEAM = V9WUS7ZBGW;
				GENERATE_INFOPLIST_FILE = YES;
				IPHONEOS_DEPLOYMENT_TARGET = 16.2;
				MARKETING_VERSION = 1.0;
				PRODUCT_BUNDLE_IDENTIFIER = "eus.aitorzubizarreta.AI-Image-DemoTests";
				PRODUCT_NAME = "$(TARGET_NAME)";
				SWIFT_EMIT_LOC_STRINGS = NO;
				SWIFT_VERSION = 5.0;
				TARGETED_DEVICE_FAMILY = "1,2";
				TEST_HOST = "$(BUILT_PRODUCTS_DIR)/AI-Image-Demo.app/$(BUNDLE_EXECUTABLE_FOLDER_PATH)/AI-Image-Demo";
			};
			name = Debug;
		};
		1A38FA8E29B102EC00E1CD22 /* Release */ = {
			isa = XCBuildConfiguration;
			buildSettings = {
				ALWAYS_EMBED_SWIFT_STANDARD_LIBRARIES = YES;
				BUNDLE_LOADER = "$(TEST_HOST)";
				CODE_SIGN_STYLE = Automatic;
				CURRENT_PROJECT_VERSION = 1;
				DEVELOPMENT_TEAM = V9WUS7ZBGW;
				GENERATE_INFOPLIST_FILE = YES;
				IPHONEOS_DEPLOYMENT_TARGET = 16.2;
				MARKETING_VERSION = 1.0;
				PRODUCT_BUNDLE_IDENTIFIER = "eus.aitorzubizarreta.AI-Image-DemoTests";
				PRODUCT_NAME = "$(TARGET_NAME)";
				SWIFT_EMIT_LOC_STRINGS = NO;
				SWIFT_VERSION = 5.0;
				TARGETED_DEVICE_FAMILY = "1,2";
				TEST_HOST = "$(BUILT_PRODUCTS_DIR)/AI-Image-Demo.app/$(BUNDLE_EXECUTABLE_FOLDER_PATH)/AI-Image-Demo";
			};
			name = Release;
		};
		1A38FA9029B102EC00E1CD22 /* Debug */ = {
			isa = XCBuildConfiguration;
			buildSettings = {
				ALWAYS_EMBED_SWIFT_STANDARD_LIBRARIES = YES;
				CODE_SIGN_STYLE = Automatic;
				CURRENT_PROJECT_VERSION = 1;
				DEVELOPMENT_TEAM = V9WUS7ZBGW;
				GENERATE_INFOPLIST_FILE = YES;
				MARKETING_VERSION = 1.0;
				PRODUCT_BUNDLE_IDENTIFIER = "eus.aitorzubizarreta.AI-Image-DemoUITests";
				PRODUCT_NAME = "$(TARGET_NAME)";
				SWIFT_EMIT_LOC_STRINGS = NO;
				SWIFT_VERSION = 5.0;
				TARGETED_DEVICE_FAMILY = "1,2";
				TEST_TARGET_NAME = "AI-Image-Demo";
			};
			name = Debug;
		};
		1A38FA9129B102EC00E1CD22 /* Release */ = {
			isa = XCBuildConfiguration;
			buildSettings = {
				ALWAYS_EMBED_SWIFT_STANDARD_LIBRARIES = YES;
				CODE_SIGN_STYLE = Automatic;
				CURRENT_PROJECT_VERSION = 1;
				DEVELOPMENT_TEAM = V9WUS7ZBGW;
				GENERATE_INFOPLIST_FILE = YES;
				MARKETING_VERSION = 1.0;
				PRODUCT_BUNDLE_IDENTIFIER = "eus.aitorzubizarreta.AI-Image-DemoUITests";
				PRODUCT_NAME = "$(TARGET_NAME)";
				SWIFT_EMIT_LOC_STRINGS = NO;
				SWIFT_VERSION = 5.0;
				TARGETED_DEVICE_FAMILY = "1,2";
				TEST_TARGET_NAME = "AI-Image-Demo";
			};
			name = Release;
		};
/* End XCBuildConfiguration section */

/* Begin XCConfigurationList section */
		1A38FA5A29B102EB00E1CD22 /* Build configuration list for PBXProject "AI-Image-Demo" */ = {
			isa = XCConfigurationList;
			buildConfigurations = (
				1A38FA8729B102EC00E1CD22 /* Debug */,
				1A38FA8829B102EC00E1CD22 /* Release */,
			);
			defaultConfigurationIsVisible = 0;
			defaultConfigurationName = Release;
		};
		1A38FA8929B102EC00E1CD22 /* Build configuration list for PBXNativeTarget "AI-Image-Demo" */ = {
			isa = XCConfigurationList;
			buildConfigurations = (
				1A38FA8A29B102EC00E1CD22 /* Debug */,
				1A38FA8B29B102EC00E1CD22 /* Release */,
			);
			defaultConfigurationIsVisible = 0;
			defaultConfigurationName = Release;
		};
		1A38FA8C29B102EC00E1CD22 /* Build configuration list for PBXNativeTarget "AI-Image-DemoTests" */ = {
			isa = XCConfigurationList;
			buildConfigurations = (
				1A38FA8D29B102EC00E1CD22 /* Debug */,
				1A38FA8E29B102EC00E1CD22 /* Release */,
			);
			defaultConfigurationIsVisible = 0;
			defaultConfigurationName = Release;
		};
		1A38FA8F29B102EC00E1CD22 /* Build configuration list for PBXNativeTarget "AI-Image-DemoUITests" */ = {
			isa = XCConfigurationList;
			buildConfigurations = (
				1A38FA9029B102EC00E1CD22 /* Debug */,
				1A38FA9129B102EC00E1CD22 /* Release */,
			);
			defaultConfigurationIsVisible = 0;
			defaultConfigurationName = Release;
		};
/* End XCConfigurationList section */
	};
	rootObject = 1A38FA5729B102EB00E1CD22 /* Project object */;
}
